
Microsoft Visual Studio Solution File, Format Version 12.00
# Visual Studio Version 17
VisualStudioVersion = 17.4.33110.190
MinimumVisualStudioVersion = 10.0.40219.1
Project("{FAE04EC0-301F-11D3-BF4B-00C04F79EFBC}") = "RecipeGenerator", "RecipeGenerator\RecipeGenerator.csproj", "{766DDD1F-A21A-4460-AC7C-524CBF72F8CD}"
EndProject
Global
	GlobalSection(SolutionConfigurationPlatforms) = preSolution
		Debug|Any CPU = Debug|Any CPU
		Release|Any CPU = Release|Any CPU
	EndGlobalSection
	GlobalSection(ProjectConfigurationPlatforms) = postSolution
		{766DDD1F-A21A-4460-AC7C-524CBF72F8CD}.Debug|Any CPU.ActiveCfg = Debug|Any CPU
		{766DDD1F-A21A-4460-AC7C-524CBF72F8CD}.Debug|Any CPU.Build.0 = Debug|Any CPU
		{766DDD1F-A21A-4460-AC7C-524CBF72F8CD}.Release|Any CPU.ActiveCfg = Release|Any CPU
		{766DDD1F-A21A-4460-AC7C-524CBF72F8CD}.Release|Any CPU.Build.0 = Release|Any CPU
	EndGlobalSection
	GlobalSection(SolutionProperties) = preSolution
		HideSolutionNode = FALSE
	EndGlobalSection
	GlobalSection(ExtensibilityGlobals) = postSolution
		SolutionGuid = {0C3F5AAC-26FF-4EEF-B3AB-43C8C1124A85}
	EndGlobalSection
EndGlobal
